
Microsoft Visual Studio Solution File, Format Version 12.00
# Visual Studio 15
VisualStudioVersion = 15.0.27004.2009
MinimumVisualStudioVersion = 10.0.40219.1
Project("{FAE04EC0-301F-11D3-BF4B-00C04F79EFBC}") = "Octogon_RapidExplosiveDesintegration", "Octogon_RapidExplosiveDesintegration\Octogon_RapidExplosiveDesintegration.csproj", "{FDAC8BA8-BE37-4284-B0E9-3C6E4FC5055B}"
EndProject
Global
	GlobalSection(SolutionConfigurationPlatforms) = preSolution
		Debug|Any CPU = Debug|Any CPU
		Release|Any CPU = Release|Any CPU
	EndGlobalSection
	GlobalSection(ProjectConfigurationPlatforms) = postSolution
		{FDAC8BA8-BE37-4284-B0E9-3C6E4FC5055B}.Debug|Any CPU.ActiveCfg = Debug|Any CPU
		{FDAC8BA8-BE37-4284-B0E9-3C6E4FC5055B}.Debug|Any CPU.Build.0 = Debug|Any CPU
		{FDAC8BA8-BE37-4284-B0E9-3C6E4FC5055B}.Release|Any CPU.ActiveCfg = Release|Any CPU
		{FDAC8BA8-BE37-4284-B0E9-3C6E4FC5055B}.Release|Any CPU.Build.0 = Release|Any CPU
	EndGlobalSection
	GlobalSection(SolutionProperties) = preSolution
		HideSolutionNode = FALSE
	EndGlobalSection
	GlobalSection(ExtensibilityGlobals) = postSolution
		SolutionGuid = {4003AC5B-75EF-476F-A25F-7A1C654781D0}
	EndGlobalSection
EndGlobal
